
Microsoft Visual Studio Solution File, Format Version 12.00
# Visual Studio Version 17
VisualStudioVersion = 17.8.34525.116
MinimumVisualStudioVersion = 10.0.40219.1
Project("{FAE04EC0-301F-11D3-BF4B-00C04F79EFBC}") = "MvcSkyAir", "MvcSkyAir\MvcSkyAir.csproj", "{935D88CF-5F86-4808-88C9-BD0A29F044FE}"
EndProject
Global
	GlobalSection(SolutionConfigurationPlatforms) = preSolution
		Debug|Any CPU = Debug|Any CPU
		Release|Any CPU = Release|Any CPU
	EndGlobalSection
	GlobalSection(ProjectConfigurationPlatforms) = postSolution
		{935D88CF-5F86-4808-88C9-BD0A29F044FE}.Debug|Any CPU.ActiveCfg = Debug|Any CPU
		{935D88CF-5F86-4808-88C9-BD0A29F044FE}.Debug|Any CPU.Build.0 = Debug|Any CPU
		{935D88CF-5F86-4808-88C9-BD0A29F044FE}.Release|Any CPU.ActiveCfg = Release|Any CPU
		{935D88CF-5F86-4808-88C9-BD0A29F044FE}.Release|Any CPU.Build.0 = Release|Any CPU
	EndGlobalSection
	GlobalSection(SolutionProperties) = preSolution
		HideSolutionNode = FALSE
	EndGlobalSection
	GlobalSection(ExtensibilityGlobals) = postSolution
		SolutionGuid = {189687A7-9397-427C-BA18-8A149271DE2A}
	EndGlobalSection
EndGlobal
